
Microsoft Visual Studio Solution File, Format Version 12.00
# Visual Studio Version 17
VisualStudioVersion = 17.3.32819.101
MinimumVisualStudioVersion = 10.0.40219.1
Project("{9A19103F-16F7-4668-BE54-9A1E7A4F7556}") = "Challenges 2022", "Challenges 2022\Challenges 2022.csproj", "{C01BB004-70EB-4CC6-BE9F-4AF69C637179}"
EndProject
Project("{F2A71F9B-5D33-465A-A702-920D77279786}") = "Script", "Script\Script.fsproj", "{F70A7CFD-99E6-4F01-9E67-9DDE64B3F00D}"
EndProject
Project("{FAE04EC0-301F-11D3-BF4B-00C04F79EFBC}") = "Challenges 2021", "Challenges 2021\Challenges 2021.csproj", "{0E7CFD41-328C-495A-A0FC-6FE108850664}"
EndProject
Project("{FAE04EC0-301F-11D3-BF4B-00C04F79EFBC}") = "SolutionFramework", "SolutionFramework\SolutionFramework.csproj", "{1AD6D3FC-ED61-4438-939E-54F7BC08C093}"
EndProject
Project("{FAE04EC0-301F-11D3-BF4B-00C04F79EFBC}") = "Challenges 2020", "Challenges 2020\Challenges 2020.csproj", "{5C88ABB4-BBFD-4584-B935-6E70EFE7F943}"
EndProject
Global
	GlobalSection(SolutionConfigurationPlatforms) = preSolution
		Debug|Any CPU = Debug|Any CPU
		Release|Any CPU = Release|Any CPU
	EndGlobalSection
	GlobalSection(ProjectConfigurationPlatforms) = postSolution
		{C01BB004-70EB-4CC6-BE9F-4AF69C637179}.Debug|Any CPU.ActiveCfg = Debug|Any CPU
		{C01BB004-70EB-4CC6-BE9F-4AF69C637179}.Debug|Any CPU.Build.0 = Debug|Any CPU
		{C01BB004-70EB-4CC6-BE9F-4AF69C637179}.Release|Any CPU.ActiveCfg = Release|Any CPU
		{C01BB004-70EB-4CC6-BE9F-4AF69C637179}.Release|Any CPU.Build.0 = Release|Any CPU
		{F70A7CFD-99E6-4F01-9E67-9DDE64B3F00D}.Debug|Any CPU.ActiveCfg = Debug|Any CPU
		{F70A7CFD-99E6-4F01-9E67-9DDE64B3F00D}.Debug|Any CPU.Build.0 = Debug|Any CPU
		{F70A7CFD-99E6-4F01-9E67-9DDE64B3F00D}.Release|Any CPU.ActiveCfg = Release|Any CPU
		{F70A7CFD-99E6-4F01-9E67-9DDE64B3F00D}.Release|Any CPU.Build.0 = Release|Any CPU
		{0E7CFD41-328C-495A-A0FC-6FE108850664}.Debug|Any CPU.ActiveCfg = Debug|Any CPU
		{0E7CFD41-328C-495A-A0FC-6FE108850664}.Debug|Any CPU.Build.0 = Debug|Any CPU
		{0E7CFD41-328C-495A-A0FC-6FE108850664}.Release|Any CPU.ActiveCfg = Release|Any CPU
		{0E7CFD41-328C-495A-A0FC-6FE108850664}.Release|Any CPU.Build.0 = Release|Any CPU
		{1AD6D3FC-ED61-4438-939E-54F7BC08C093}.Debug|Any CPU.ActiveCfg = Debug|Any CPU
		{1AD6D3FC-ED61-4438-939E-54F7BC08C093}.Debug|Any CPU.Build.0 = Debug|Any CPU
		{1AD6D3FC-ED61-4438-939E-54F7BC08C093}.Release|Any CPU.ActiveCfg = Release|Any CPU
		{1AD6D3FC-ED61-4438-939E-54F7BC08C093}.Release|Any CPU.Build.0 = Release|Any CPU
		{5C88ABB4-BBFD-4584-B935-6E70EFE7F943}.Debug|Any CPU.ActiveCfg = Debug|Any CPU
		{5C88ABB4-BBFD-4584-B935-6E70EFE7F943}.Debug|Any CPU.Build.0 = Debug|Any CPU
		{5C88ABB4-BBFD-4584-B935-6E70EFE7F943}.Release|Any CPU.ActiveCfg = Release|Any CPU
		{5C88ABB4-BBFD-4584-B935-6E70EFE7F943}.Release|Any CPU.Build.0 = Release|Any CPU
	EndGlobalSection
	GlobalSection(SolutionProperties) = preSolution
		HideSolutionNode = FALSE
	EndGlobalSection
	GlobalSection(ExtensibilityGlobals) = postSolution
		SolutionGuid = {5CA9931F-FA40-40FB-8104-6A93AE037C3A}
	EndGlobalSection
EndGlobal
