
Microsoft Visual Studio Solution File, Format Version 12.00
# Visual Studio Version 17
VisualStudioVersion = 17.3.32819.101
MinimumVisualStudioVersion = 10.0.40219.1
Project("{F2A71F9B-5D33-465A-A702-920D77279786}") = "Script", "Script\Script.fsproj", "{F70A7CFD-99E6-4F01-9E67-9DDE64B3F00D}"
EndProject
Project("{FAE04EC0-301F-11D3-BF4B-00C04F79EFBC}") = "Framework", "Framework\Framework.csproj", "{80A39034-75D4-467B-9B77-38B5F8E0FD6C}"
EndProject
Project("{FAE04EC0-301F-11D3-BF4B-00C04F79EFBC}") = "Solutions2022", "Solutions2022\Solutions2022.csproj", "{0BF4DC6D-B308-47D1-909B-559BE81EE831}"
EndProject
Project("{FAE04EC0-301F-11D3-BF4B-00C04F79EFBC}") = "Solutions2021", "Solutions2021\Solutions2021.csproj", "{C015AFD3-70F6-4E36-A2BE-7AE082B2B1F7}"
EndProject
Project("{FAE04EC0-301F-11D3-BF4B-00C04F79EFBC}") = "Solutions2020", "Solutions2020\Solutions2020.csproj", "{7C4F4FC1-0ECF-459A-BDCD-E15CAC6EAC01}"
EndProject
Project("{FAE04EC0-301F-11D3-BF4B-00C04F79EFBC}") = "Solutions2023", "Solutions2023\Solutions2023.csproj", "{58212042-4951-46D9-99E2-3A6EE4A9DCDB}"
EndProject
Project("{FAE04EC0-301F-11D3-BF4B-00C04F79EFBC}") = "Solutions2019", "Solutions2019\Solutions2019.csproj", "{E721D646-6A0A-48CA-BF2F-E25A76F14D8E}"
EndProject
Global
	GlobalSection(SolutionConfigurationPlatforms) = preSolution
		Debug|Any CPU = Debug|Any CPU
		Release|Any CPU = Release|Any CPU
	EndGlobalSection
	GlobalSection(ProjectConfigurationPlatforms) = postSolution
		{F70A7CFD-99E6-4F01-9E67-9DDE64B3F00D}.Debug|Any CPU.ActiveCfg = Debug|Any CPU
		{F70A7CFD-99E6-4F01-9E67-9DDE64B3F00D}.Debug|Any CPU.Build.0 = Debug|Any CPU
		{F70A7CFD-99E6-4F01-9E67-9DDE64B3F00D}.Release|Any CPU.ActiveCfg = Release|Any CPU
		{F70A7CFD-99E6-4F01-9E67-9DDE64B3F00D}.Release|Any CPU.Build.0 = Release|Any CPU
		{80A39034-75D4-467B-9B77-38B5F8E0FD6C}.Debug|Any CPU.ActiveCfg = Debug|Any CPU
		{80A39034-75D4-467B-9B77-38B5F8E0FD6C}.Debug|Any CPU.Build.0 = Debug|Any CPU
		{80A39034-75D4-467B-9B77-38B5F8E0FD6C}.Release|Any CPU.ActiveCfg = Release|Any CPU
		{80A39034-75D4-467B-9B77-38B5F8E0FD6C}.Release|Any CPU.Build.0 = Release|Any CPU
		{0BF4DC6D-B308-47D1-909B-559BE81EE831}.Debug|Any CPU.ActiveCfg = Debug|Any CPU
		{0BF4DC6D-B308-47D1-909B-559BE81EE831}.Debug|Any CPU.Build.0 = Debug|Any CPU
		{0BF4DC6D-B308-47D1-909B-559BE81EE831}.Release|Any CPU.ActiveCfg = Release|Any CPU
		{0BF4DC6D-B308-47D1-909B-559BE81EE831}.Release|Any CPU.Build.0 = Release|Any CPU
		{C015AFD3-70F6-4E36-A2BE-7AE082B2B1F7}.Debug|Any CPU.ActiveCfg = Debug|Any CPU
		{C015AFD3-70F6-4E36-A2BE-7AE082B2B1F7}.Debug|Any CPU.Build.0 = Debug|Any CPU
		{C015AFD3-70F6-4E36-A2BE-7AE082B2B1F7}.Release|Any CPU.ActiveCfg = Release|Any CPU
		{C015AFD3-70F6-4E36-A2BE-7AE082B2B1F7}.Release|Any CPU.Build.0 = Release|Any CPU
		{7C4F4FC1-0ECF-459A-BDCD-E15CAC6EAC01}.Debug|Any CPU.ActiveCfg = Debug|Any CPU
		{7C4F4FC1-0ECF-459A-BDCD-E15CAC6EAC01}.Debug|Any CPU.Build.0 = Debug|Any CPU
		{7C4F4FC1-0ECF-459A-BDCD-E15CAC6EAC01}.Release|Any CPU.ActiveCfg = Release|Any CPU
		{7C4F4FC1-0ECF-459A-BDCD-E15CAC6EAC01}.Release|Any CPU.Build.0 = Release|Any CPU
		{58212042-4951-46D9-99E2-3A6EE4A9DCDB}.Debug|Any CPU.ActiveCfg = Debug|Any CPU
		{58212042-4951-46D9-99E2-3A6EE4A9DCDB}.Debug|Any CPU.Build.0 = Debug|Any CPU
		{58212042-4951-46D9-99E2-3A6EE4A9DCDB}.Release|Any CPU.ActiveCfg = Release|Any CPU
		{58212042-4951-46D9-99E2-3A6EE4A9DCDB}.Release|Any CPU.Build.0 = Release|Any CPU
		{E721D646-6A0A-48CA-BF2F-E25A76F14D8E}.Debug|Any CPU.ActiveCfg = Debug|Any CPU
		{E721D646-6A0A-48CA-BF2F-E25A76F14D8E}.Debug|Any CPU.Build.0 = Debug|Any CPU
		{E721D646-6A0A-48CA-BF2F-E25A76F14D8E}.Release|Any CPU.ActiveCfg = Release|Any CPU
		{E721D646-6A0A-48CA-BF2F-E25A76F14D8E}.Release|Any CPU.Build.0 = Release|Any CPU
	EndGlobalSection
	GlobalSection(SolutionProperties) = preSolution
		HideSolutionNode = FALSE
	EndGlobalSection
	GlobalSection(ExtensibilityGlobals) = postSolution
		SolutionGuid = {5CA9931F-FA40-40FB-8104-6A93AE037C3A}
	EndGlobalSection
EndGlobal
